
Microsoft Visual Studio Solution File, Format Version 12.00
# Visual Studio Version 17
VisualStudioVersion = 17.11.35327.3
MinimumVisualStudioVersion = 10.0.40219.1
Project("{9A19103F-16F7-4668-BE54-9A1E7A4F7556}") = "CartService.API", "CartService.API\CartService.API.csproj", "{FBC35BE5-2D87-46D7-A8BD-AFC16F1D306F}"
EndProject
Project("{9A19103F-16F7-4668-BE54-9A1E7A4F7556}") = "CartService.Infrastructure", "CartService.Infrastructure\CartService.Infrastructure.csproj", "{5E13A4D1-C37A-45AE-9007-DEA45597958D}"
EndProject
Project("{9A19103F-16F7-4668-BE54-9A1E7A4F7556}") = "CartService.Core", "CartService.Core\CartService.Core.csproj", "{4D02A5F1-88C0-48D1-A382-9634D24A0A59}"
EndProject
Project("{E53339B2-1760-4266-BCC7-CA923CBCF16C}") = "docker-compose", "docker-compose.dcproj", "{ECFD5DD8-46A2-4558-9E68-F9E8A21B21D4}"
EndProject
Global
	GlobalSection(SolutionConfigurationPlatforms) = preSolution
		Debug|Any CPU = Debug|Any CPU
		Release|Any CPU = Release|Any CPU
	EndGlobalSection
	GlobalSection(ProjectConfigurationPlatforms) = postSolution
		{FBC35BE5-2D87-46D7-A8BD-AFC16F1D306F}.Debug|Any CPU.ActiveCfg = Debug|Any CPU
		{FBC35BE5-2D87-46D7-A8BD-AFC16F1D306F}.Debug|Any CPU.Build.0 = Debug|Any CPU
		{FBC35BE5-2D87-46D7-A8BD-AFC16F1D306F}.Release|Any CPU.ActiveCfg = Release|Any CPU
		{FBC35BE5-2D87-46D7-A8BD-AFC16F1D306F}.Release|Any CPU.Build.0 = Release|Any CPU
		{5E13A4D1-C37A-45AE-9007-DEA45597958D}.Debug|Any CPU.ActiveCfg = Debug|Any CPU
		{5E13A4D1-C37A-45AE-9007-DEA45597958D}.Debug|Any CPU.Build.0 = Debug|Any CPU
		{5E13A4D1-C37A-45AE-9007-DEA45597958D}.Release|Any CPU.ActiveCfg = Release|Any CPU
		{5E13A4D1-C37A-45AE-9007-DEA45597958D}.Release|Any CPU.Build.0 = Release|Any CPU
		{4D02A5F1-88C0-48D1-A382-9634D24A0A59}.Debug|Any CPU.ActiveCfg = Debug|Any CPU
		{4D02A5F1-88C0-48D1-A382-9634D24A0A59}.Debug|Any CPU.Build.0 = Debug|Any CPU
		{4D02A5F1-88C0-48D1-A382-9634D24A0A59}.Release|Any CPU.ActiveCfg = Release|Any CPU
		{4D02A5F1-88C0-48D1-A382-9634D24A0A59}.Release|Any CPU.Build.0 = Release|Any CPU
		{ECFD5DD8-46A2-4558-9E68-F9E8A21B21D4}.Debug|Any CPU.ActiveCfg = Debug|Any CPU
		{ECFD5DD8-46A2-4558-9E68-F9E8A21B21D4}.Debug|Any CPU.Build.0 = Debug|Any CPU
		{ECFD5DD8-46A2-4558-9E68-F9E8A21B21D4}.Release|Any CPU.ActiveCfg = Release|Any CPU
		{ECFD5DD8-46A2-4558-9E68-F9E8A21B21D4}.Release|Any CPU.Build.0 = Release|Any CPU
	EndGlobalSection
	GlobalSection(SolutionProperties) = preSolution
		HideSolutionNode = FALSE
	EndGlobalSection
	GlobalSection(ExtensibilityGlobals) = postSolution
		SolutionGuid = {EC387A68-1E67-4FBE-AF65-F36392EAF34A}
	EndGlobalSection
EndGlobal
